
Microsoft Visual Studio Solution File, Format Version 12.00
# Visual Studio Version 16
VisualStudioVersion = 16.0.31205.134
MinimumVisualStudioVersion = 10.0.40219.1
Project("{FAE04EC0-301F-11D3-BF4B-00C04F79EFBC}") = "devfish.ConsoleHelper", "ConsoleHelper\devfish.ConsoleHelper.csproj", "{BDA76181-D701-44DD-BF0A-62FCDC239686}"
EndProject
Project("{FAE04EC0-301F-11D3-BF4B-00C04F79EFBC}") = "ConsoleHelperDemo", "ConsoleHelperDemo\ConsoleHelperDemo.csproj", "{C4B6BFD2-309C-4D54-B103-012F3C7997A0}"
EndProject
Global
	GlobalSection(SolutionConfigurationPlatforms) = preSolution
		Debug|Any CPU = Debug|Any CPU
		Release|Any CPU = Release|Any CPU
	EndGlobalSection
	GlobalSection(ProjectConfigurationPlatforms) = postSolution
		{BDA76181-D701-44DD-BF0A-62FCDC239686}.Debug|Any CPU.ActiveCfg = Debug|Any CPU
		{BDA76181-D701-44DD-BF0A-62FCDC239686}.Debug|Any CPU.Build.0 = Debug|Any CPU
		{BDA76181-D701-44DD-BF0A-62FCDC239686}.Release|Any CPU.ActiveCfg = Release|Any CPU
		{BDA76181-D701-44DD-BF0A-62FCDC239686}.Release|Any CPU.Build.0 = Release|Any CPU
		{C4B6BFD2-309C-4D54-B103-012F3C7997A0}.Debug|Any CPU.ActiveCfg = Debug|Any CPU
		{C4B6BFD2-309C-4D54-B103-012F3C7997A0}.Debug|Any CPU.Build.0 = Debug|Any CPU
		{C4B6BFD2-309C-4D54-B103-012F3C7997A0}.Release|Any CPU.ActiveCfg = Release|Any CPU
		{C4B6BFD2-309C-4D54-B103-012F3C7997A0}.Release|Any CPU.Build.0 = Release|Any CPU
	EndGlobalSection
	GlobalSection(SolutionProperties) = preSolution
		HideSolutionNode = FALSE
	EndGlobalSection
	GlobalSection(ExtensibilityGlobals) = postSolution
		SolutionGuid = {8723FAFC-09A1-451B-93DD-A431277967FA}
	EndGlobalSection
EndGlobal
